<?xml version="1.0" encoding="utf-8"?>
<Project ToolsVersion="4.0" xmlns="http://schemas.microsoft.com/developer/msbuild/2003">
  <ItemGroup>
    <Filter Include="win32">
      <UniqueIdentifier>{84a8ebd7-7cf0-47f6-b75e-d441df67da40}</UniqueIdentifier>
    </Filter>
    <Filter Include="resource">
      <UniqueIdentifier>{715254bc-d70b-4ec5-bf29-467dd3ace079}</UniqueIdentifier>
    </Filter>
    <Filter Include="src">
      <UniqueIdentifier>{bb6c862e-70e9-49d9-81b7-3829a6f50471}</UniqueIdentifier>
    </Filter>
    <Filter Include="Classes">
      <UniqueIdentifier>{15983625-705a-4d23-a981-3f47a411eaa6}</UniqueIdentifier>
    </Filter>
    <Filter Include="Classes\scene">
      <UniqueIdentifier>{c2ca7b63-d732-4ffd-b2a3-5983971c93e4}</UniqueIdentifier>
    </Filter>
    <Filter Include="Classes\utils">
      <UniqueIdentifier>{fb656fcc-1955-49ce-b672-e44dc2d2440f}</UniqueIdentifier>
    </Filter>
    <Filter Include="Classes\SimplePhysics">
      <UniqueIdentifier>{51334148-956c-4680-8551-338e470d8180}</UniqueIdentifier>
    </Filter>
    <Filter Include="Classes\role">
      <UniqueIdentifier>{d2b92e6f-aaed-4f11-9a18-a8e2b0871be1}</UniqueIdentifier>
    </Filter>
    <Filter Include="Classes\gameplay">
      <UniqueIdentifier>{485d583c-ac41-439c-b30b-9f8c12dc2947}</UniqueIdentifier>
    </Filter>
    <Filter Include="Classes\sound">
      <UniqueIdentifier>{11428822-2e4b-4405-a442-c062717f7219}</UniqueIdentifier>
    </Filter>
    <Filter Include="Classes\gameplay\AI">
      <UniqueIdentifier>{e01a0814-e8b7-408b-8ccd-ae3e102abb63}</UniqueIdentifier>
    </Filter>
  </ItemGroup>
  <ItemGroup>
    <ClCompile Include="main.cpp">
      <Filter>win32</Filter>
    </ClCompile>
    <ClCompile Include="..\Classes\AppDelegate.cpp" />
    <ClCompile Include="..\Classes\HelloWorldScene.cpp" />
    <ClCompile Include="..\Classes\utils\debug.cpp">
      <Filter>Classes\utils</Filter>
    </ClCompile>
    <ClCompile Include="..\Classes\role\Role.cpp">
      <Filter>Classes\role</Filter>
    </ClCompile>
    <ClCompile Include="..\Classes\scene\BattleScene.cpp">
      <Filter>Classes\scene</Filter>
    </ClCompile>
    <ClCompile Include="..\Classes\role\state.cpp">
      <Filter>Classes\role</Filter>
    </ClCompile>
    <ClCompile Include="..\Classes\SimplePhysics\SimplePhysics.cpp">
      <Filter>Classes\SimplePhysics</Filter>
    </ClCompile>
    <ClCompile Include="..\Classes\gameplay\BattleDirector.cpp">
      <Filter>Classes\gameplay</Filter>
    </ClCompile>
    <ClCompile Include="..\Classes\gameplay\metronome.cpp">
      <Filter>Classes\gameplay</Filter>
    </ClCompile>
    <ClCompile Include="..\Classes\gameplay\RhythmEventDispatcher.cpp">
      <Filter>Classes\gameplay</Filter>
    </ClCompile>
    <ClCompile Include="..\Classes\gameplay\RhythmScript.cpp">
      <Filter>Classes\gameplay</Filter>
    </ClCompile>
    <ClCompile Include="..\Classes\sound\SoundManager.cpp">
      <Filter>Classes\sound</Filter>
    </ClCompile>
    <ClCompile Include="..\Classes\gameplay\AI\BehaviorTree.cpp">
      <Filter>Classes\gameplay\AI</Filter>
    </ClCompile>
  </ItemGroup>
  <ItemGroup>
    <ClInclude Include="main.h">
      <Filter>win32</Filter>
    </ClInclude>
    <ClInclude Include="..\Classes\AppDelegate.h" />
    <ClInclude Include="..\Classes\HelloWorldScene.h" />
    <ClInclude Include="..\Classes\utils\debug.h">
      <Filter>Classes\utils</Filter>
    </ClInclude>
    <ClInclude Include="..\Classes\role\Role.h">
      <Filter>Classes\role</Filter>
    </ClInclude>
    <ClInclude Include="..\Classes\scene\BattleScene.h">
      <Filter>Classes\scene</Filter>
    </ClInclude>
    <ClInclude Include="..\Classes\role\state.h">
      <Filter>Classes\role</Filter>
    </ClInclude>
    <ClInclude Include="..\Classes\SimplePhysics\SimplePhysics.h">
      <Filter>Classes\SimplePhysics</Filter>
    </ClInclude>
    <ClInclude Include="..\Classes\role\RoleEnumType.h">
      <Filter>Classes\role</Filter>
    </ClInclude>
    <ClInclude Include="..\Classes\gameplay\BattleDirector.h">
      <Filter>Classes\gameplay</Filter>
    </ClInclude>
    <ClInclude Include="..\Classes\gameplay\metronome.h">
      <Filter>Classes\gameplay</Filter>
    </ClInclude>
    <ClInclude Include="..\Classes\gameplay\RhythmEventDispatcher.h">
      <Filter>Classes\gameplay</Filter>
    </ClInclude>
    <ClInclude Include="..\Classes\gameplay\RhythmScript.h">
      <Filter>Classes\gameplay</Filter>
    </ClInclude>
    <ClInclude Include="..\Classes\sound\SoundManager.h">
      <Filter>Classes\sound</Filter>
    </ClInclude>
    <ClInclude Include="..\Classes\gameplay\AI\BehaviorTree.h">
      <Filter>Classes\gameplay\AI</Filter>
    </ClInclude>
  </ItemGroup>
  <ItemGroup>
    <ResourceCompile Include="game.rc">
      <Filter>resource</Filter>
    </ResourceCompile>
  </ItemGroup>
</Project>